
Microsoft Visual Studio Solution File, Format Version 12.00
# Visual Studio Version 16
VisualStudioVersion = 16.0.810.20
MinimumVisualStudioVersion = 10.0.40219.1
Project("{FAE04EC0-301F-11D3-BF4B-00C04F79EFBC}") = "FirstMVCApp", "FirstMVCApp.csproj", "{2DF2577F-BC27-4AF6-B298-C4E4E1119156}"
EndProject
Global
	GlobalSection(SolutionConfigurationPlatforms) = preSolution
		Debug|Any CPU = Debug|Any CPU
		Release|Any CPU = Release|Any CPU
	EndGlobalSection
	GlobalSection(ProjectConfigurationPlatforms) = postSolution
		{2DF2577F-BC27-4AF6-B298-C4E4E1119156}.Debug|Any CPU.ActiveCfg = Debug|Any CPU
		{2DF2577F-BC27-4AF6-B298-C4E4E1119156}.Debug|Any CPU.Build.0 = Debug|Any CPU
		{2DF2577F-BC27-4AF6-B298-C4E4E1119156}.Release|Any CPU.ActiveCfg = Release|Any CPU
		{2DF2577F-BC27-4AF6-B298-C4E4E1119156}.Release|Any CPU.Build.0 = Release|Any CPU
	EndGlobalSection
	GlobalSection(SolutionProperties) = preSolution
		HideSolutionNode = FALSE
	EndGlobalSection
	GlobalSection(ExtensibilityGlobals) = postSolution
		SolutionGuid = {9A29D250-55A0-49AA-AD3D-D371177AE358}
	EndGlobalSection
EndGlobal
